
Microsoft Visual Studio Solution File, Format Version 12.00
# Visual Studio Version 17
VisualStudioVersion = 17.4.33103.184
MinimumVisualStudioVersion = 10.0.40219.1
Project("{FAE04EC0-301F-11D3-BF4B-00C04F79EFBC}") = "Calculadora", "Calculadora\Calculadora.csproj", "{29AECDEA-00A9-4660-8B8A-1BA2AEC67717}"
EndProject
Global
	GlobalSection(SolutionConfigurationPlatforms) = preSolution
		Debug|Any CPU = Debug|Any CPU
		Release|Any CPU = Release|Any CPU
	EndGlobalSection
	GlobalSection(ProjectConfigurationPlatforms) = postSolution
		{29AECDEA-00A9-4660-8B8A-1BA2AEC67717}.Debug|Any CPU.ActiveCfg = Debug|Any CPU
		{29AECDEA-00A9-4660-8B8A-1BA2AEC67717}.Debug|Any CPU.Build.0 = Debug|Any CPU
		{29AECDEA-00A9-4660-8B8A-1BA2AEC67717}.Release|Any CPU.ActiveCfg = Release|Any CPU
		{29AECDEA-00A9-4660-8B8A-1BA2AEC67717}.Release|Any CPU.Build.0 = Release|Any CPU
	EndGlobalSection
	GlobalSection(SolutionProperties) = preSolution
		HideSolutionNode = FALSE
	EndGlobalSection
	GlobalSection(ExtensibilityGlobals) = postSolution
		SolutionGuid = {60BBBA08-4D45-454A-AC2C-6BD8EA27E1F1}
	EndGlobalSection
EndGlobal
